
Microsoft Visual Studio Solution File, Format Version 12.00
# Visual Studio 15
VisualStudioVersion = 15.0.28010.2036
MinimumVisualStudioVersion = 10.0.40219.1
Project("{FAE04EC0-301F-11D3-BF4B-00C04F79EFBC}") = "WebApplication200", "WebApplication200\WebApplication200.csproj", "{ADD32265-EC5D-4EBC-B7CD-2E97D7A3EF0E}"
EndProject
Global
	GlobalSection(SolutionConfigurationPlatforms) = preSolution
		Debug|Any CPU = Debug|Any CPU
		Release|Any CPU = Release|Any CPU
	EndGlobalSection
	GlobalSection(ProjectConfigurationPlatforms) = postSolution
		{ADD32265-EC5D-4EBC-B7CD-2E97D7A3EF0E}.Debug|Any CPU.ActiveCfg = Debug|Any CPU
		{ADD32265-EC5D-4EBC-B7CD-2E97D7A3EF0E}.Debug|Any CPU.Build.0 = Debug|Any CPU
		{ADD32265-EC5D-4EBC-B7CD-2E97D7A3EF0E}.Release|Any CPU.ActiveCfg = Release|Any CPU
		{ADD32265-EC5D-4EBC-B7CD-2E97D7A3EF0E}.Release|Any CPU.Build.0 = Release|Any CPU
	EndGlobalSection
	GlobalSection(SolutionProperties) = preSolution
		HideSolutionNode = FALSE
	EndGlobalSection
	GlobalSection(ExtensibilityGlobals) = postSolution
		SolutionGuid = {7209D59B-552A-412C-B6BC-94D71DD61280}
	EndGlobalSection
EndGlobal
